// !$*UTF8*$!
{
	archiveVersion = 1;
	classes = {
	};
	objectVersion = 56;
	objects = {

/* Begin PBXBuildFile section */
		0526CF4D2902391A001E269A /* PermissionManager.swift in Sources */ = {isa = PBXBuildFile; fileRef = 0526CF4C2902391A001E269A /* PermissionManager.swift */; };
		0526CF5029026961001E269A /* NSObject-Rx in Frameworks */ = {isa = PBXBuildFile; productRef = 0526CF4F29026961001E269A /* NSObject-Rx */; };
		0526CF5329026976001E269A /* RxCocoa in Frameworks */ = {isa = PBXBuildFile; productRef = 0526CF5229026976001E269A /* RxCocoa */; };
		0526CF5529026976001E269A /* RxRelay in Frameworks */ = {isa = PBXBuildFile; productRef = 0526CF5429026976001E269A /* RxRelay */; };
		0526CF5729026976001E269A /* RxSwift in Frameworks */ = {isa = PBXBuildFile; productRef = 0526CF5629026976001E269A /* RxSwift */; };
		0526CF5929026D45001E269A /* UIButton+.swift in Sources */ = {isa = PBXBuildFile; fileRef = 0526CF5829026D45001E269A /* UIButton+.swift */; };
		05A803502907B19200027B73 /* FilterCell.swift in Sources */ = {isa = PBXBuildFile; fileRef = 05A8034F2907B19200027B73 /* FilterCell.swift */; };
		05F0C46629012D0200AB4056 /* AppDelegate.swift in Sources */ = {isa = PBXBuildFile; fileRef = 05F0C46529012D0200AB4056 /* AppDelegate.swift */; };
		05F0C46829012D0200AB4056 /* SceneDelegate.swift in Sources */ = {isa = PBXBuildFile; fileRef = 05F0C46729012D0200AB4056 /* SceneDelegate.swift */; };
		05F0C46A29012D0200AB4056 /* ViewController.swift in Sources */ = {isa = PBXBuildFile; fileRef = 05F0C46929012D0200AB4056 /* ViewController.swift */; };
		05F0C46F29012D0300AB4056 /* Assets.xcassets in Resources */ = {isa = PBXBuildFile; fileRef = 05F0C46E29012D0300AB4056 /* Assets.xcassets */; };
		05F0C47229012D0300AB4056 /* LaunchScreen.storyboard in Resources */ = {isa = PBXBuildFile; fileRef = 05F0C47029012D0300AB4056 /* LaunchScreen.storyboard */; };
		05F0C49D290149B600AB4056 /* SnapKit in Frameworks */ = {isa = PBXBuildFile; productRef = 05F0C49C290149B600AB4056 /* SnapKit */; };
		05F0C4A0290149FA00AB4056 /* Then in Frameworks */ = {isa = PBXBuildFile; productRef = 05F0C49F290149FA00AB4056 /* Then */; };
		05F0C4A429014C6500AB4056 /* UIView+.swift in Sources */ = {isa = PBXBuildFile; fileRef = 05F0C4A329014C6500AB4056 /* UIView+.swift */; };
/* End PBXBuildFile section */

/* Begin PBXFileReference section */
		0526CF4C2902391A001E269A /* PermissionManager.swift */ = {isa = PBXFileReference; lastKnownFileType = sourcecode.swift; path = PermissionManager.swift; sourceTree = "<group>"; };
		0526CF5829026D45001E269A /* UIButton+.swift */ = {isa = PBXFileReference; lastKnownFileType = sourcecode.swift; path = "UIButton+.swift"; sourceTree = "<group>"; };
		05A8034F2907B19200027B73 /* FilterCell.swift */ = {isa = PBXFileReference; lastKnownFileType = sourcecode.swift; path = FilterCell.swift; sourceTree = "<group>"; };
		05F0C46229012D0200AB4056 /* OpenCVCamera.app */ = {isa = PBXFileReference; explicitFileType = wrapper.application; includeInIndex = 0; path = OpenCVCamera.app; sourceTree = BUILT_PRODUCTS_DIR; };
		05F0C46529012D0200AB4056 /* AppDelegate.swift */ = {isa = PBXFileReference; lastKnownFileType = sourcecode.swift; path = AppDelegate.swift; sourceTree = "<group>"; };
		05F0C46729012D0200AB4056 /* SceneDelegate.swift */ = {isa = PBXFileReference; lastKnownFileType = sourcecode.swift; path = SceneDelegate.swift; sourceTree = "<group>"; };
		05F0C46929012D0200AB4056 /* ViewController.swift */ = {isa = PBXFileReference; lastKnownFileType = sourcecode.swift; path = ViewController.swift; sourceTree = "<group>"; };
		05F0C46E29012D0300AB4056 /* Assets.xcassets */ = {isa = PBXFileReference; lastKnownFileType = folder.assetcatalog; path = Assets.xcassets; sourceTree = "<group>"; };
		05F0C47129012D0300AB4056 /* Base */ = {isa = PBXFileReference; lastKnownFileType = file.storyboard; name = Base; path = Base.lproj/LaunchScreen.storyboard; sourceTree = "<group>"; };
		05F0C47329012D0300AB4056 /* Info.plist */ = {isa = PBXFileReference; lastKnownFileType = text.plist.xml; path = Info.plist; sourceTree = "<group>"; };
		05F0C4A129014A9B00AB4056 /* BridgeHeader.h */ = {isa = PBXFileReference; lastKnownFileType = sourcecode.c.h; path = BridgeHeader.h; sourceTree = "<group>"; };
		05F0C4A329014C6500AB4056 /* UIView+.swift */ = {isa = PBXFileReference; fileEncoding = 4; lastKnownFileType = sourcecode.swift; path = "UIView+.swift"; sourceTree = "<group>"; };
/* End PBXFileReference section */

/* Begin PBXFrameworksBuildPhase section */
		05F0C45F29012D0200AB4056 /* Frameworks */ = {
			isa = PBXFrameworksBuildPhase;
			buildActionMask = 2147483647;
			files = (
				0526CF5729026976001E269A /* RxSwift in Frameworks */,
				0526CF5529026976001E269A /* RxRelay in Frameworks */,
				05F0C49D290149B600AB4056 /* SnapKit in Frameworks */,
				0526CF5029026961001E269A /* NSObject-Rx in Frameworks */,
				0526CF5329026976001E269A /* RxCocoa in Frameworks */,
				05F0C4A0290149FA00AB4056 /* Then in Frameworks */,
			);
			runOnlyForDeploymentPostprocessing = 0;
		};
/* End PBXFrameworksBuildPhase section */

/* Begin PBXGroup section */
		0526CF4B29023903001E269A /* Service */ = {
			isa = PBXGroup;
			children = (
				0526CF4C2902391A001E269A /* PermissionManager.swift */,
			);
			path = Service;
			sourceTree = "<group>";
		};
		05F0C45929012D0200AB4056 = {
			isa = PBXGroup;
			children = (
				05F0C46429012D0200AB4056 /* OpenCVCamera */,
				05F0C46329012D0200AB4056 /* Products */,
			);
			sourceTree = "<group>";
		};
		05F0C46329012D0200AB4056 /* Products */ = {
			isa = PBXGroup;
			children = (
				05F0C46229012D0200AB4056 /* OpenCVCamera.app */,
			);
			name = Products;
			sourceTree = "<group>";
		};
		05F0C46429012D0200AB4056 /* OpenCVCamera */ = {
			isa = PBXGroup;
			children = (
				05F0C4A229014C3100AB4056 /* Foundation */,
				05F0C47A29012E3300AB4056 /* Feature */,
				0526CF4B29023903001E269A /* Service */,
				05F0C47929012D1F00AB4056 /* Supporting Files */,
			);
			path = OpenCVCamera;
			sourceTree = "<group>";
		};
		05F0C47929012D1F00AB4056 /* Supporting Files */ = {
			isa = PBXGroup;
			children = (
				05F0C46529012D0200AB4056 /* AppDelegate.swift */,
				05F0C46729012D0200AB4056 /* SceneDelegate.swift */,
				05F0C46E29012D0300AB4056 /* Assets.xcassets */,
				05F0C47029012D0300AB4056 /* LaunchScreen.storyboard */,
				05F0C47329012D0300AB4056 /* Info.plist */,
				05F0C4A129014A9B00AB4056 /* BridgeHeader.h */,
			);
			path = "Supporting Files";
			sourceTree = "<group>";
		};
		05F0C47A29012E3300AB4056 /* Feature */ = {
			isa = PBXGroup;
			children = (
				05F0C46929012D0200AB4056 /* ViewController.swift */,
				05A8034F2907B19200027B73 /* FilterCell.swift */,
			);
			path = Feature;
			sourceTree = "<group>";
		};
		05F0C4A229014C3100AB4056 /* Foundation */ = {
			isa = PBXGroup;
			children = (
				05F0C4A329014C6500AB4056 /* UIView+.swift */,
				0526CF5829026D45001E269A /* UIButton+.swift */,
			);
			path = Foundation;
			sourceTree = "<group>";
		};
/* End PBXGroup section */

/* Begin PBXNativeTarget section */
		05F0C46129012D0200AB4056 /* OpenCVCamera */ = {
			isa = PBXNativeTarget;
			buildConfigurationList = 05F0C47629012D0300AB4056 /* Build configuration list for PBXNativeTarget "OpenCVCamera" */;
			buildPhases = (
				05F0C45E29012D0200AB4056 /* Sources */,
				05F0C45F29012D0200AB4056 /* Frameworks */,
				05F0C46029012D0200AB4056 /* Resources */,
			);
			buildRules = (
			);
			dependencies = (
			);
			name = OpenCVCamera;
			packageProductDependencies = (
				05F0C49C290149B600AB4056 /* SnapKit */,
				05F0C49F290149FA00AB4056 /* Then */,
				0526CF4F29026961001E269A /* NSObject-Rx */,
				0526CF5229026976001E269A /* RxCocoa */,
				0526CF5429026976001E269A /* RxRelay */,
				0526CF5629026976001E269A /* RxSwift */,
			);
			productName = OpenCVCamera;
			productReference = 05F0C46229012D0200AB4056 /* OpenCVCamera.app */;
			productType = "com.apple.product-type.application";
		};
/* End PBXNativeTarget section */

/* Begin PBXProject section */
		05F0C45A29012D0200AB4056 /* Project object */ = {
			isa = PBXProject;
			attributes = {
				BuildIndependentTargetsInParallel = 1;
				LastSwiftUpdateCheck = 1400;
				LastUpgradeCheck = 1400;
				TargetAttributes = {
					05F0C46129012D0200AB4056 = {
						CreatedOnToolsVersion = 14.0;
					};
				};
			};
			buildConfigurationList = 05F0C45D29012D0200AB4056 /* Build configuration list for PBXProject "OpenCVCamera" */;
			compatibilityVersion = "Xcode 14.0";
			developmentRegion = en;
			hasScannedForEncodings = 0;
			knownRegions = (
				en,
				Base,
			);
			mainGroup = 05F0C45929012D0200AB4056;
			packageReferences = (
				05F0C49B290149B600AB4056 /* XCRemoteSwiftPackageReference "SnapKit" */,
				05F0C49E290149FA00AB4056 /* XCRemoteSwiftPackageReference "Then" */,
				0526CF4E29026961001E269A /* XCRemoteSwiftPackageReference "NSObject-Rx" */,
				0526CF5129026976001E269A /* XCRemoteSwiftPackageReference "RxSwift" */,
			);
			productRefGroup = 05F0C46329012D0200AB4056 /* Products */;
			projectDirPath = "";
			projectRoot = "";
			targets = (
				05F0C46129012D0200AB4056 /* OpenCVCamera */,
			);
		};
/* End PBXProject section */

/* Begin PBXResourcesBuildPhase section */
		05F0C46029012D0200AB4056 /* Resources */ = {
			isa = PBXResourcesBuildPhase;
			buildActionMask = 2147483647;
			files = (
				05F0C47229012D0300AB4056 /* LaunchScreen.storyboard in Resources */,
				05F0C46F29012D0300AB4056 /* Assets.xcassets in Resources */,
			);
			runOnlyForDeploymentPostprocessing = 0;
		};
/* End PBXResourcesBuildPhase section */

/* Begin PBXSourcesBuildPhase section */
		05F0C45E29012D0200AB4056 /* Sources */ = {
			isa = PBXSourcesBuildPhase;
			buildActionMask = 2147483647;
			files = (
				05A803502907B19200027B73 /* FilterCell.swift in Sources */,
				05F0C4A429014C6500AB4056 /* UIView+.swift in Sources */,
				0526CF5929026D45001E269A /* UIButton+.swift in Sources */,
				0526CF4D2902391A001E269A /* PermissionManager.swift in Sources */,
				05F0C46A29012D0200AB4056 /* ViewController.swift in Sources */,
				05F0C46629012D0200AB4056 /* AppDelegate.swift in Sources */,
				05F0C46829012D0200AB4056 /* SceneDelegate.swift in Sources */,
			);
			runOnlyForDeploymentPostprocessing = 0;
		};
/* End PBXSourcesBuildPhase section */

/* Begin PBXVariantGroup section */
		05F0C47029012D0300AB4056 /* LaunchScreen.storyboard */ = {
			isa = PBXVariantGroup;
			children = (
				05F0C47129012D0300AB4056 /* Base */,
			);
			name = LaunchScreen.storyboard;
			sourceTree = "<group>";
		};
/* End PBXVariantGroup section */

/* Begin XCBuildConfiguration section */
		05F0C47429012D0300AB4056 /* Debug */ = {
			isa = XCBuildConfiguration;
			buildSettings = {
				ALWAYS_SEARCH_USER_PATHS = NO;
				CLANG_ANALYZER_NONNULL = YES;
				CLANG_ANALYZER_NUMBER_OBJECT_CONVERSION = YES_AGGRESSIVE;
				CLANG_CXX_LANGUAGE_STANDARD = "gnu++20";
				CLANG_ENABLE_MODULES = YES;
				CLANG_ENABLE_OBJC_ARC = YES;
				CLANG_ENABLE_OBJC_WEAK = YES;
				CLANG_WARN_BLOCK_CAPTURE_AUTORELEASING = YES;
				CLANG_WARN_BOOL_CONVERSION = YES;
				CLANG_WARN_COMMA = YES;
				CLANG_WARN_CONSTANT_CONVERSION = YES;
				CLANG_WARN_DEPRECATED_OBJC_IMPLEMENTATIONS = YES;
				CLANG_WARN_DIRECT_OBJC_ISA_USAGE = YES_ERROR;
				CLANG_WARN_DOCUMENTATION_COMMENTS = YES;
				CLANG_WARN_EMPTY_BODY = YES;
				CLANG_WARN_ENUM_CONVERSION = YES;
				CLANG_WARN_INFINITE_RECURSION = YES;
				CLANG_WARN_INT_CONVERSION = YES;
				CLANG_WARN_NON_LITERAL_NULL_CONVERSION = YES;
				CLANG_WARN_OBJC_IMPLICIT_RETAIN_SELF = YES;
				CLANG_WARN_OBJC_LITERAL_CONVERSION = YES;
				CLANG_WARN_OBJC_ROOT_CLASS = YES_ERROR;
				CLANG_WARN_QUOTED_INCLUDE_IN_FRAMEWORK_HEADER = YES;
				CLANG_WARN_RANGE_LOOP_ANALYSIS = YES;
				CLANG_WARN_STRICT_PROTOTYPES = YES;
				CLANG_WARN_SUSPICIOUS_MOVE = YES;
				CLANG_WARN_UNGUARDED_AVAILABILITY = YES_AGGRESSIVE;
				CLANG_WARN_UNREACHABLE_CODE = YES;
				CLANG_WARN__DUPLICATE_METHOD_MATCH = YES;
				COPY_PHASE_STRIP = NO;
				DEBUG_INFORMATION_FORMAT = dwarf;
				ENABLE_STRICT_OBJC_MSGSEND = YES;
				ENABLE_TESTABILITY = YES;
				GCC_C_LANGUAGE_STANDARD = gnu11;
				GCC_DYNAMIC_NO_PIC = NO;
				GCC_NO_COMMON_BLOCKS = YES;
				GCC_OPTIMIZATION_LEVEL = 0;
				GCC_PREPROCESSOR_DEFINITIONS = (
					"DEBUG=1",
					"$(inherited)",
				);
				GCC_WARN_64_TO_32_BIT_CONVERSION = YES;
				GCC_WARN_ABOUT_RETURN_TYPE = YES_ERROR;
				GCC_WARN_UNDECLARED_SELECTOR = YES;
				GCC_WARN_UNINITIALIZED_AUTOS = YES_AGGRESSIVE;
				GCC_WARN_UNUSED_FUNCTION = YES;
				GCC_WARN_UNUSED_VARIABLE = YES;
				IPHONEOS_DEPLOYMENT_TARGET = 16.0;
				MTL_ENABLE_DEBUG_INFO = INCLUDE_SOURCE;
				MTL_FAST_MATH = YES;
				ONLY_ACTIVE_ARCH = YES;
				SDKROOT = iphoneos;
				SWIFT_ACTIVE_COMPILATION_CONDITIONS = DEBUG;
				SWIFT_OPTIMIZATION_LEVEL = "-Onone";
			};
			name = Debug;
		};
		05F0C47529012D0300AB4056 /* Release */ = {
			isa = XCBuildConfiguration;
			buildSettings = {
				ALWAYS_SEARCH_USER_PATHS = NO;
				CLANG_ANALYZER_NONNULL = YES;
				CLANG_ANALYZER_NUMBER_OBJECT_CONVERSION = YES_AGGRESSIVE;
				CLANG_CXX_LANGUAGE_STANDARD = "gnu++20";
				CLANG_ENABLE_MODULES = YES;
				CLANG_ENABLE_OBJC_ARC = YES;
				CLANG_ENABLE_OBJC_WEAK = YES;
				CLANG_WARN_BLOCK_CAPTURE_AUTORELEASING = YES;
				CLANG_WARN_BOOL_CONVERSION = YES;
				CLANG_WARN_COMMA = YES;
				CLANG_WARN_CONSTANT_CONVERSION = YES;
				CLANG_WARN_DEPRECATED_OBJC_IMPLEMENTATIONS = YES;
				CLANG_WARN_DIRECT_OBJC_ISA_USAGE = YES_ERROR;
				CLANG_WARN_DOCUMENTATION_COMMENTS = YES;
				CLANG_WARN_EMPTY_BODY = YES;
				CLANG_WARN_ENUM_CONVERSION = YES;
				CLANG_WARN_INFINITE_RECURSION = YES;
				CLANG_WARN_INT_CONVERSION = YES;
				CLANG_WARN_NON_LITERAL_NULL_CONVERSION = YES;
				CLANG_WARN_OBJC_IMPLICIT_RETAIN_SELF = YES;
				CLANG_WARN_OBJC_LITERAL_CONVERSION = YES;
				CLANG_WARN_OBJC_ROOT_CLASS = YES_ERROR;
				CLANG_WARN_QUOTED_INCLUDE_IN_FRAMEWORK_HEADER = YES;
				CLANG_WARN_RANGE_LOOP_ANALYSIS = YES;
				CLANG_WARN_STRICT_PROTOTYPES = YES;
				CLANG_WARN_SUSPICIOUS_MOVE = YES;
				CLANG_WARN_UNGUARDED_AVAILABILITY = YES_AGGRESSIVE;
				CLANG_WARN_UNREACHABLE_CODE = YES;
				CLANG_WARN__DUPLICATE_METHOD_MATCH = YES;
				COPY_PHASE_STRIP = NO;
				DEBUG_INFORMATION_FORMAT = "dwarf-with-dsym";
				ENABLE_NS_ASSERTIONS = NO;
				ENABLE_STRICT_OBJC_MSGSEND = YES;
				GCC_C_LANGUAGE_STANDARD = gnu11;
				GCC_NO_COMMON_BLOCKS = YES;
				GCC_WARN_64_TO_32_BIT_CONVERSION = YES;
				GCC_WARN_ABOUT_RETURN_TYPE = YES_ERROR;
				GCC_WARN_UNDECLARED_SELECTOR = YES;
				GCC_WARN_UNINITIALIZED_AUTOS = YES_AGGRESSIVE;
				GCC_WARN_UNUSED_FUNCTION = YES;
				GCC_WARN_UNUSED_VARIABLE = YES;
				IPHONEOS_DEPLOYMENT_TARGET = 16.0;
				MTL_ENABLE_DEBUG_INFO = NO;
				MTL_FAST_MATH = YES;
				SDKROOT = iphoneos;
				SWIFT_COMPILATION_MODE = wholemodule;
				SWIFT_OPTIMIZATION_LEVEL = "-O";
				VALIDATE_PRODUCT = YES;
			};
			name = Release;
		};
		05F0C47729012D0300AB4056 /* Debug */ = {
			isa = XCBuildConfiguration;
			buildSettings = {
				ASSETCATALOG_COMPILER_APPICON_NAME = AppIcon;
				ASSETCATALOG_COMPILER_GLOBAL_ACCENT_COLOR_NAME = AccentColor;
				CODE_SIGN_STYLE = Automatic;
				CURRENT_PROJECT_VERSION = 1;
				DEVELOPMENT_TEAM = U7JXGAK6AA;
				GENERATE_INFOPLIST_FILE = YES;
				INFOPLIST_FILE = "$(PRODUCT_NAME)/Supporting Files/Info.plist";
				INFOPLIST_KEY_NSCameraUsageDescription = "$(PRODUCT_NAME) uses camera";
				INFOPLIST_KEY_UIApplicationSupportsIndirectInputEvents = YES;
				INFOPLIST_KEY_UILaunchStoryboardName = LaunchScreen;
				INFOPLIST_KEY_UIStatusBarStyle = "";
				INFOPLIST_KEY_UISupportedInterfaceOrientations_iPad = "UIInterfaceOrientationPortrait UIInterfaceOrientationPortraitUpsideDown UIInterfaceOrientationLandscapeLeft UIInterfaceOrientationLandscapeRight";
				INFOPLIST_KEY_UISupportedInterfaceOrientations_iPhone = "UIInterfaceOrientationPortrait UIInterfaceOrientationLandscapeLeft UIInterfaceOrientationLandscapeRight";
				IPHONEOS_DEPLOYMENT_TARGET = 15.1;
				LD_RUNPATH_SEARCH_PATHS = (
					"$(inherited)",
					"@executable_path/Frameworks",
				);
				MARKETING_VERSION = 1.0;
				PRODUCT_BUNDLE_IDENTIFIER = com.joohyupkim.OpenCVCamera;
				PRODUCT_NAME = "$(TARGET_NAME)";
				SWIFT_EMIT_LOC_STRINGS = YES;
				SWIFT_OBJC_BRIDGING_HEADER = "OpenCVCamera/Supporting Files/BridgeHeader.h";
				SWIFT_VERSION = 5.0;
				TARGETED_DEVICE_FAMILY = "1,2";
			};
			name = Debug;
		};
		05F0C47829012D0300AB4056 /* Release */ = {
			isa = XCBuildConfiguration;
			buildSettings = {
				ASSETCATALOG_COMPILER_APPICON_NAME = AppIcon;
				ASSETCATALOG_COMPILER_GLOBAL_ACCENT_COLOR_NAME = AccentColor;
				CODE_SIGN_STYLE = Automatic;
				CURRENT_PROJECT_VERSION = 1;
				DEVELOPMENT_TEAM = U7JXGAK6AA;
				GENERATE_INFOPLIST_FILE = YES;
				INFOPLIST_FILE = "$(PRODUCT_NAME)/Supporting Files/Info.plist";
				INFOPLIST_KEY_NSCameraUsageDescription = "$(PRODUCT_NAME) uses camera";
				INFOPLIST_KEY_UIApplicationSupportsIndirectInputEvents = YES;
				INFOPLIST_KEY_UILaunchStoryboardName = LaunchScreen;
				INFOPLIST_KEY_UIStatusBarStyle = "";
				INFOPLIST_KEY_UISupportedInterfaceOrientations_iPad = "UIInterfaceOrientationPortrait UIInterfaceOrientationPortraitUpsideDown UIInterfaceOrientationLandscapeLeft UIInterfaceOrientationLandscapeRight";
				INFOPLIST_KEY_UISupportedInterfaceOrientations_iPhone = "UIInterfaceOrientationPortrait UIInterfaceOrientationLandscapeLeft UIInterfaceOrientationLandscapeRight";
				IPHONEOS_DEPLOYMENT_TARGET = 15.1;
				LD_RUNPATH_SEARCH_PATHS = (
					"$(inherited)",
					"@executable_path/Frameworks",
				);
				MARKETING_VERSION = 1.0;
				PRODUCT_BUNDLE_IDENTIFIER = com.joohyupkim.OpenCVCamera;
				PRODUCT_NAME = "$(TARGET_NAME)";
				SWIFT_EMIT_LOC_STRINGS = YES;
				SWIFT_OBJC_BRIDGING_HEADER = "OpenCVCamera/Supporting Files/BridgeHeader.h";
				SWIFT_VERSION = 5.0;
				TARGETED_DEVICE_FAMILY = "1,2";
			};
			name = Release;
		};
/* End XCBuildConfiguration section */

/* Begin XCConfigurationList section */
		05F0C45D29012D0200AB4056 /* Build configuration list for PBXProject "OpenCVCamera" */ = {
			isa = XCConfigurationList;
			buildConfigurations = (
				05F0C47429012D0300AB4056 /* Debug */,
				05F0C47529012D0300AB4056 /* Release */,
			);
			defaultConfigurationIsVisible = 0;
			defaultConfigurationName = Release;
		};
		05F0C47629012D0300AB4056 /* Build configuration list for PBXNativeTarget "OpenCVCamera" */ = {
			isa = XCConfigurationList;
			buildConfigurations = (
				05F0C47729012D0300AB4056 /* Debug */,
				05F0C47829012D0300AB4056 /* Release */,
			);
			defaultConfigurationIsVisible = 0;
			defaultConfigurationName = Release;
		};
/* End XCConfigurationList section */

/* Begin XCRemoteSwiftPackageReference section */
		0526CF4E29026961001E269A /* XCRemoteSwiftPackageReference "NSObject-Rx" */ = {
			isa = XCRemoteSwiftPackageReference;
			repositoryURL = "https://github.com/RxSwiftCommunity/NSObject-Rx.git";
			requirement = {
				kind = upToNextMinorVersion;
				minimumVersion = 5.2.0;
			};
		};
		0526CF5129026976001E269A /* XCRemoteSwiftPackageReference "RxSwift" */ = {
			isa = XCRemoteSwiftPackageReference;
			repositoryURL = "https://github.com/ReactiveX/RxSwift.git";
			requirement = {
				kind = upToNextMinorVersion;
				minimumVersion = 6.5.0;
			};
		};
		05F0C49B290149B600AB4056 /* XCRemoteSwiftPackageReference "SnapKit" */ = {
			isa = XCRemoteSwiftPackageReference;
			repositoryURL = "https://github.com/SnapKit/SnapKit.git";
			requirement = {
				kind = upToNextMinorVersion;
				minimumVersion = 5.6.0;
			};
		};
		05F0C49E290149FA00AB4056 /* XCRemoteSwiftPackageReference "Then" */ = {
			isa = XCRemoteSwiftPackageReference;
			repositoryURL = "https://github.com/devxoul/Then.git";
			requirement = {
				kind = upToNextMinorVersion;
				minimumVersion = 3.0.0;
			};
		};
/* End XCRemoteSwiftPackageReference section */

/* Begin XCSwiftPackageProductDependency section */
		0526CF4F29026961001E269A /* NSObject-Rx */ = {
			isa = XCSwiftPackageProductDependency;
			package = 0526CF4E29026961001E269A /* XCRemoteSwiftPackageReference "NSObject-Rx" */;
			productName = "NSObject-Rx";
		};
		0526CF5229026976001E269A /* RxCocoa */ = {
			isa = XCSwiftPackageProductDependency;
			package = 0526CF5129026976001E269A /* XCRemoteSwiftPackageReference "RxSwift" */;
			productName = RxCocoa;
		};
		0526CF5429026976001E269A /* RxRelay */ = {
			isa = XCSwiftPackageProductDependency;
			package = 0526CF5129026976001E269A /* XCRemoteSwiftPackageReference "RxSwift" */;
			productName = RxRelay;
		};
		0526CF5629026976001E269A /* RxSwift */ = {
			isa = XCSwiftPackageProductDependency;
			package = 0526CF5129026976001E269A /* XCRemoteSwiftPackageReference "RxSwift" */;
			productName = RxSwift;
		};
		05F0C49C290149B600AB4056 /* SnapKit */ = {
			isa = XCSwiftPackageProductDependency;
			package = 05F0C49B290149B600AB4056 /* XCRemoteSwiftPackageReference "SnapKit" */;
			productName = SnapKit;
		};
		05F0C49F290149FA00AB4056 /* Then */ = {
			isa = XCSwiftPackageProductDependency;
			package = 05F0C49E290149FA00AB4056 /* XCRemoteSwiftPackageReference "Then" */;
			productName = Then;
		};
/* End XCSwiftPackageProductDependency section */
	};
	rootObject = 05F0C45A29012D0200AB4056 /* Project object */;
}
